
Microsoft Visual Studio Solution File, Format Version 12.00
# Visual Studio 15
VisualStudioVersion = 15.0.28010.2050
MinimumVisualStudioVersion = 10.0.40219.1
Project("{FAE04EC0-301F-11D3-BF4B-00C04F79EFBC}") = "WebApp", "WebApp\WebApp.csproj", "{94141414-25F3-41F7-8BC9-EB83A294A377}"
EndProject
Global
	GlobalSection(SolutionConfigurationPlatforms) = preSolution
		Debug|Any CPU = Debug|Any CPU
		Release|Any CPU = Release|Any CPU
	EndGlobalSection
	GlobalSection(ProjectConfigurationPlatforms) = postSolution
		{94141414-25F3-41F7-8BC9-EB83A294A377}.Debug|Any CPU.ActiveCfg = Debug|Any CPU
		{94141414-25F3-41F7-8BC9-EB83A294A377}.Debug|Any CPU.Build.0 = Debug|Any CPU
		{94141414-25F3-41F7-8BC9-EB83A294A377}.Release|Any CPU.ActiveCfg = Release|Any CPU
		{94141414-25F3-41F7-8BC9-EB83A294A377}.Release|Any CPU.Build.0 = Release|Any CPU
	EndGlobalSection
	GlobalSection(SolutionProperties) = preSolution
		HideSolutionNode = FALSE
	EndGlobalSection
	GlobalSection(ExtensibilityGlobals) = postSolution
		SolutionGuid = {8EBFB8B4-6820-483F-A516-9A906E87A475}
	EndGlobalSection
EndGlobal
